<Solution>
  <Folder Name="/benchmarks/">
    <Project Path="benchmarks/Chuvadi.Benchmarks/Chuvadi.Benchmarks.csproj" />
    <Project Path="benchmarks/Chuvadi.Benchmarks.Compression/Chuvadi.Benchmarks.Compression.csproj" />
  </Folder>
  <Folder Name="/examples/">
    <Project Path="examples/Chuvadi.Examples.Annotations/Chuvadi.Examples.Annotations.csproj" />
    <Project Path="examples/Chuvadi.Examples.Authoring/Chuvadi.Examples.Authoring.csproj" />
    <Project Path="examples/Chuvadi.Examples.FormFill/Chuvadi.Examples.FormFill.csproj" />
    <Project Path="examples/Chuvadi.Examples.Outlines/Chuvadi.Examples.Outlines.csproj" />
    <Project Path="examples/Chuvadi.Examples.PageOps/Chuvadi.Examples.PageOps.csproj" />
    <Project Path="examples/Chuvadi.Examples.Reader/Chuvadi.Examples.Reader.csproj" />
    <Project Path="examples/Chuvadi.Examples.Redaction/Chuvadi.Examples.Redaction.csproj" />
    <Project Path="examples/Chuvadi.Examples.Render/Chuvadi.Examples.Render.csproj" />
    <Project Path="examples/Chuvadi.Examples.Svg/Chuvadi.Examples.Svg.csproj" />
    <Project Path="examples/Chuvadi.Examples.TextExtraction/Chuvadi.Examples.TextExtraction.csproj" />
    <Project Path="examples/Chuvadi.Examples.Watermark/Chuvadi.Examples.Watermark.csproj" />
  </Folder>
  <Folder Name="/src/">
    <Project Path="src/Chuvadi.Cryptography/Chuvadi.Cryptography.csproj" />
    <Project Path="src/Chuvadi.Pdf.Annotations/Chuvadi.Pdf.Annotations.csproj" />
    <Project Path="src/Chuvadi.Pdf.Authoring/Chuvadi.Pdf.Authoring.csproj" />
    <Project Path="src/Chuvadi.Pdf.Color/Chuvadi.Pdf.Color.csproj" />
    <Project Path="src/Chuvadi.Pdf.Content/Chuvadi.Pdf.Content.csproj" />
    <Project Path="src/Chuvadi.Pdf.Documents/Chuvadi.Pdf.Documents.csproj" />
    <Project Path="src/Chuvadi.Pdf.Encryption/Chuvadi.Pdf.Encryption.csproj" />
    <Project Path="src/Chuvadi.Pdf.Filters/Chuvadi.Pdf.Filters.csproj" />
    <Project Path="src/Chuvadi.Pdf.Fonts.Rendering/Chuvadi.Pdf.Fonts.Rendering.csproj" />
    <Project Path="src/Chuvadi.Pdf.Fonts.Woff2/Chuvadi.Pdf.Fonts.Woff2.csproj" />
    <Project Path="src/Chuvadi.Pdf.Fonts/Chuvadi.Pdf.Fonts.csproj" />
    <Project Path="src/Chuvadi.Pdf.Forms/Chuvadi.Pdf.Forms.csproj" />
    <Project Path="src/Chuvadi.Pdf.Graphics/Chuvadi.Pdf.Graphics.csproj" />
    <Project Path="src/Chuvadi.Pdf.Images/Chuvadi.Pdf.Images.csproj" />
    <Project Path="src/Chuvadi.Pdf.IO/Chuvadi.Pdf.IO.csproj" />
    <Project Path="src/Chuvadi.Pdf.PdfA/Chuvadi.Pdf.PdfA.csproj" />
    <Project Path="src/Chuvadi.Pdf.Objects/Chuvadi.Pdf.Objects.csproj" />
    <Project Path="src/Chuvadi.Pdf.Operations/Chuvadi.Pdf.Operations.csproj" />
    <Project Path="src/Chuvadi.Pdf.Primitives/Chuvadi.Pdf.Primitives.csproj" />
    <Project Path="src/Chuvadi.Pdf.Reader/Chuvadi.Pdf.Reader.csproj" />
    <Project Path="src/Chuvadi.Pdf.Redaction/Chuvadi.Pdf.Redaction.csproj" />
    <Project Path="src/Chuvadi.Pdf.Rendering.DisplayList/Chuvadi.Pdf.Rendering.DisplayList.csproj" />
    <Project Path="src/Chuvadi.Pdf.Rendering.Wpf/Chuvadi.Pdf.Rendering.Wpf.csproj" />
    <Project Path="src/Chuvadi.Pdf.Rendering/Chuvadi.Pdf.Rendering.csproj" />
    <Project Path="src/Chuvadi.Pdf.Signatures/Chuvadi.Pdf.Signatures.csproj" />
    <Project Path="src/Chuvadi.Pdf.Svg/Chuvadi.Pdf.Svg.csproj" />
    <Project Path="src/Chuvadi.Pdf.Text/Chuvadi.Pdf.Text.csproj" />
    <Project Path="src/Chuvadi.Pdf.Watermark/Chuvadi.Pdf.Watermark.csproj" />
    <Project Path="src/Chuvadi.Pdf/Chuvadi.Pdf.csproj" />
  </Folder>
  <Folder Name="/tests/">
    <Project Path="tests/Chuvadi.Cryptography.Tests/Chuvadi.Cryptography.Tests.csproj" />
    <Project Path="tests/Chuvadi.Pdf.Annotations.Tests/Chuvadi.Pdf.Annotations.Tests.csproj" />
    <Project Path="tests/Chuvadi.Pdf.Authoring.Tests/Chuvadi.Pdf.Authoring.Tests.csproj" />
    <Project Path="tests/Chuvadi.Pdf.Cli.Tests/Chuvadi.Pdf.Cli.Tests.csproj" />
    <Project Path="tests/Chuvadi.Pdf.Content.Tests/Chuvadi.Pdf.Content.Tests.csproj" />
    <Project Path="tests/Chuvadi.Pdf.Documents.Tests/Chuvadi.Pdf.Documents.Tests.csproj" />
    <Project Path="tests/Chuvadi.Pdf.Encryption.Tests/Chuvadi.Pdf.Encryption.Tests.csproj" />
    <Project Path="tests/Chuvadi.Pdf.Filters.Tests/Chuvadi.Pdf.Filters.Tests.csproj" />
    <Project Path="tests/Chuvadi.Pdf.Fonts.Rendering.Tests/Chuvadi.Pdf.Fonts.Rendering.Tests.csproj" />
    <Project Path="tests/Chuvadi.Pdf.Fonts.Tests/Chuvadi.Pdf.Fonts.Tests.csproj" />
    <Project Path="tests/Chuvadi.Pdf.Fonts.Woff2.Tests/Chuvadi.Pdf.Fonts.Woff2.Tests.csproj" />
    <Project Path="tests/Chuvadi.Pdf.PdfA.Tests/Chuvadi.Pdf.PdfA.Tests.csproj" />
    <Project Path="tests/Chuvadi.Pdf.Forms.Tests/Chuvadi.Pdf.Forms.Tests.csproj" />
    <Project Path="tests/Chuvadi.Pdf.Fuzz/Chuvadi.Pdf.Fuzz.csproj" />
    <Project Path="tests/Chuvadi.Pdf.Graphics.Tests/Chuvadi.Pdf.Graphics.Tests.csproj" />
    <Project Path="tests/Chuvadi.Pdf.Images.Tests/Chuvadi.Pdf.Images.Tests.csproj" />
    <Project Path="tests/Chuvadi.Pdf.Integration.Tests/Chuvadi.Pdf.Integration.Tests.csproj" />
    <Project Path="tests/Chuvadi.Pdf.IO.Tests/Chuvadi.Pdf.IO.Tests.csproj" />
    <Project Path="tests/Chuvadi.Pdf.Objects.Tests/Chuvadi.Pdf.Objects.Tests.csproj" />
    <Project Path="tests/Chuvadi.Pdf.Operations.Tests/Chuvadi.Pdf.Operations.Tests.csproj" />
    <Project Path="tests/Chuvadi.Pdf.Primitives.Tests/Chuvadi.Pdf.Primitives.Tests.csproj" />
    <Project Path="tests/Chuvadi.Pdf.Reader.Tests/Chuvadi.Pdf.Reader.Tests.csproj" />
    <Project Path="tests/Chuvadi.Pdf.Redaction.Tests/Chuvadi.Pdf.Redaction.Tests.csproj" />
    <Project Path="tests/Chuvadi.Pdf.Rendering.DisplayList.Tests/Chuvadi.Pdf.Rendering.DisplayList.Tests.csproj" />
    <Project Path="tests/Chuvadi.Pdf.Rendering.Tests/Chuvadi.Pdf.Rendering.Tests.csproj" />
    <Project Path="tests/Chuvadi.Pdf.Signatures.Tests/Chuvadi.Pdf.Signatures.Tests.csproj" />
    <Project Path="tests/Chuvadi.Pdf.Svg.Tests/Chuvadi.Pdf.Svg.Tests.csproj" />
    <Project Path="tests/Chuvadi.Pdf.Text.Tests/Chuvadi.Pdf.Text.Tests.csproj" />
    <Project Path="tests/Chuvadi.Pdf.Watermark.Tests/Chuvadi.Pdf.Watermark.Tests.csproj" />
  </Folder>
  <Folder Name="/tools/">
    <Project Path="tools/Chuvadi.Pdf.Cli/Chuvadi.Pdf.Cli.csproj" />
  </Folder>
</Solution>
